
Microsoft Visual Studio Solution File, Format Version 12.00
# Visual Studio Version 16
VisualStudioVersion = 16.0.30406.217
MinimumVisualStudioVersion = 10.0.40219.1
Project("{FAE04EC0-301F-11D3-BF4B-00C04F79EFBC}") = "ScanLoginDemo", "ScanLoginDemo.csproj", "{1A4E9FBC-00A5-4DD6-BFAC-9F3123AEB068}"
EndProject
Global
	GlobalSection(SolutionConfigurationPlatforms) = preSolution
		Debug|Any CPU = Debug|Any CPU
		Release|Any CPU = Release|Any CPU
	EndGlobalSection
	GlobalSection(ProjectConfigurationPlatforms) = postSolution
		{1A4E9FBC-00A5-4DD6-BFAC-9F3123AEB068}.Debug|Any CPU.ActiveCfg = Debug|Any CPU
		{1A4E9FBC-00A5-4DD6-BFAC-9F3123AEB068}.Debug|Any CPU.Build.0 = Debug|Any CPU
		{1A4E9FBC-00A5-4DD6-BFAC-9F3123AEB068}.Release|Any CPU.ActiveCfg = Release|Any CPU
		{1A4E9FBC-00A5-4DD6-BFAC-9F3123AEB068}.Release|Any CPU.Build.0 = Release|Any CPU
	EndGlobalSection
	GlobalSection(SolutionProperties) = preSolution
		HideSolutionNode = FALSE
	EndGlobalSection
	GlobalSection(ExtensibilityGlobals) = postSolution
		SolutionGuid = {71C78BC4-DB4D-4304-8224-6FD9800F1F38}
	EndGlobalSection
EndGlobal
